
Microsoft Visual Studio Solution File, Format Version 12.00
# Visual Studio Version 17
VisualStudioVersion = 17.4.33213.308
MinimumVisualStudioVersion = 10.0.40219.1
Project("{8BC9CEB8-8B4A-11D0-8D11-00A0C91BC942}") = "230202", "230202\230202.vcxproj", "{5B969F3D-80EE-4567-ADB2-338703EE4176}"
EndProject
Global
	GlobalSection(SolutionConfigurationPlatforms) = preSolution
		Debug|x64 = Debug|x64
		Debug|x86 = Debug|x86
		Release|x64 = Release|x64
		Release|x86 = Release|x86
	EndGlobalSection
	GlobalSection(ProjectConfigurationPlatforms) = postSolution
		{5B969F3D-80EE-4567-ADB2-338703EE4176}.Debug|x64.ActiveCfg = Debug|x64
		{5B969F3D-80EE-4567-ADB2-338703EE4176}.Debug|x64.Build.0 = Debug|x64
		{5B969F3D-80EE-4567-ADB2-338703EE4176}.Debug|x86.ActiveCfg = Debug|Win32
		{5B969F3D-80EE-4567-ADB2-338703EE4176}.Debug|x86.Build.0 = Debug|Win32
		{5B969F3D-80EE-4567-ADB2-338703EE4176}.Release|x64.ActiveCfg = Release|x64
		{5B969F3D-80EE-4567-ADB2-338703EE4176}.Release|x64.Build.0 = Release|x64
		{5B969F3D-80EE-4567-ADB2-338703EE4176}.Release|x86.ActiveCfg = Release|Win32
		{5B969F3D-80EE-4567-ADB2-338703EE4176}.Release|x86.Build.0 = Release|Win32
	EndGlobalSection
	GlobalSection(SolutionProperties) = preSolution
		HideSolutionNode = FALSE
	EndGlobalSection
	GlobalSection(ExtensibilityGlobals) = postSolution
		SolutionGuid = {E1155C7E-6B09-468E-817E-D780DC3E58DB}
	EndGlobalSection
EndGlobal
