
Microsoft Visual Studio Solution File, Format Version 12.00
# Visual Studio Version 17
VisualStudioVersion = 17.4.33213.308
MinimumVisualStudioVersion = 10.0.40219.1
Project("{8BC9CEB8-8B4A-11D0-8D11-00A0C91BC942}") = "230125", "230125\230125.vcxproj", "{2EAF3E0F-9DE4-4385-89D5-08AA9D1932FC}"
EndProject
Global
	GlobalSection(SolutionConfigurationPlatforms) = preSolution
		Debug|x64 = Debug|x64
		Debug|x86 = Debug|x86
		Release|x64 = Release|x64
		Release|x86 = Release|x86
	EndGlobalSection
	GlobalSection(ProjectConfigurationPlatforms) = postSolution
		{2EAF3E0F-9DE4-4385-89D5-08AA9D1932FC}.Debug|x64.ActiveCfg = Debug|x64
		{2EAF3E0F-9DE4-4385-89D5-08AA9D1932FC}.Debug|x64.Build.0 = Debug|x64
		{2EAF3E0F-9DE4-4385-89D5-08AA9D1932FC}.Debug|x86.ActiveCfg = Debug|Win32
		{2EAF3E0F-9DE4-4385-89D5-08AA9D1932FC}.Debug|x86.Build.0 = Debug|Win32
		{2EAF3E0F-9DE4-4385-89D5-08AA9D1932FC}.Release|x64.ActiveCfg = Release|x64
		{2EAF3E0F-9DE4-4385-89D5-08AA9D1932FC}.Release|x64.Build.0 = Release|x64
		{2EAF3E0F-9DE4-4385-89D5-08AA9D1932FC}.Release|x86.ActiveCfg = Release|Win32
		{2EAF3E0F-9DE4-4385-89D5-08AA9D1932FC}.Release|x86.Build.0 = Release|Win32
	EndGlobalSection
	GlobalSection(SolutionProperties) = preSolution
		HideSolutionNode = FALSE
	EndGlobalSection
	GlobalSection(ExtensibilityGlobals) = postSolution
		SolutionGuid = {DC976567-8158-491E-B61A-8117850BA3F1}
	EndGlobalSection
EndGlobal
